// !$*UTF8*$!
{
	archiveVersion = 1;
	classes = {
	};
	objectVersion = 48;
	objects = {

/* Begin PBXBuildFile section */
		87FF0C831F55A8310043CC4F /* Person.swift in Sources */ = {isa = PBXBuildFile; fileRef = 87FF0C821F55A8310043CC4F /* Person.swift */; };
		87FF17671F35AE8400EBBDE7 /* AppDelegate.swift in Sources */ = {isa = PBXBuildFile; fileRef = 87FF17661F35AE8400EBBDE7 /* AppDelegate.swift */; };
		87FF17691F35AE8400EBBDE7 /* ViewController.swift in Sources */ = {isa = PBXBuildFile; fileRef = 87FF17681F35AE8400EBBDE7 /* ViewController.swift */; };
		87FF176C1F35AE8400EBBDE7 /* Main.storyboard in Resources */ = {isa = PBXBuildFile; fileRef = 87FF176A1F35AE8400EBBDE7 /* Main.storyboard */; };
		87FF176E1F35AE8400EBBDE7 /* Assets.xcassets in Resources */ = {isa = PBXBuildFile; fileRef = 87FF176D1F35AE8400EBBDE7 /* Assets.xcassets */; };
		87FF17711F35AE8400EBBDE7 /* LaunchScreen.storyboard in Resources */ = {isa = PBXBuildFile; fileRef = 87FF176F1F35AE8400EBBDE7 /* LaunchScreen.storyboard */; };
		87FF17791F35B03100EBBDE7 /* Trie.swift in Sources */ = {isa = PBXBuildFile; fileRef = 87FF17781F35B03100EBBDE7 /* Trie.swift */; };
/* End PBXBuildFile section */

/* Begin PBXFileReference section */
		87FF0C821F55A8310043CC4F /* Person.swift */ = {isa = PBXFileReference; lastKnownFileType = sourcecode.swift; path = Person.swift; sourceTree = "<group>"; };
		87FF17631F35AE8400EBBDE7 /* Trie-Datastructure-Example.app */ = {isa = PBXFileReference; explicitFileType = wrapper.application; includeInIndex = 0; path = "Trie-Datastructure-Example.app"; sourceTree = BUILT_PRODUCTS_DIR; };
		87FF17661F35AE8400EBBDE7 /* AppDelegate.swift */ = {isa = PBXFileReference; lastKnownFileType = sourcecode.swift; path = AppDelegate.swift; sourceTree = "<group>"; };
		87FF17681F35AE8400EBBDE7 /* ViewController.swift */ = {isa = PBXFileReference; lastKnownFileType = sourcecode.swift; path = ViewController.swift; sourceTree = "<group>"; };
		87FF176B1F35AE8400EBBDE7 /* Base */ = {isa = PBXFileReference; lastKnownFileType = file.storyboard; name = Base; path = Base.lproj/Main.storyboard; sourceTree = "<group>"; };
		87FF176D1F35AE8400EBBDE7 /* Assets.xcassets */ = {isa = PBXFileReference; lastKnownFileType = folder.assetcatalog; path = Assets.xcassets; sourceTree = "<group>"; };
		87FF17701F35AE8400EBBDE7 /* Base */ = {isa = PBXFileReference; lastKnownFileType = file.storyboard; name = Base; path = Base.lproj/LaunchScreen.storyboard; sourceTree = "<group>"; };
		87FF17721F35AE8400EBBDE7 /* Info.plist */ = {isa = PBXFileReference; lastKnownFileType = text.plist.xml; path = Info.plist; sourceTree = "<group>"; };
		87FF17781F35B03100EBBDE7 /* Trie.swift */ = {isa = PBXFileReference; lastKnownFileType = sourcecode.swift; path = Trie.swift; sourceTree = "<group>"; };
/* End PBXFileReference section */

/* Begin PBXFrameworksBuildPhase section */
		87FF17601F35AE8400EBBDE7 /* Frameworks */ = {
			isa = PBXFrameworksBuildPhase;
			buildActionMask = 2147483647;
			files = (
			);
			runOnlyForDeploymentPostprocessing = 0;
		};
/* End PBXFrameworksBuildPhase section */

/* Begin PBXGroup section */
		87FF175A1F35AE8400EBBDE7 = {
			isa = PBXGroup;
			children = (
				87FF17651F35AE8400EBBDE7 /* Trie-Datastructure-Example */,
				87FF17641F35AE8400EBBDE7 /* Products */,
			);
			sourceTree = "<group>";
		};
		87FF17641F35AE8400EBBDE7 /* Products */ = {
			isa = PBXGroup;
			children = (
				87FF17631F35AE8400EBBDE7 /* Trie-Datastructure-Example.app */,
			);
			name = Products;
			sourceTree = "<group>";
		};
		87FF17651F35AE8400EBBDE7 /* Trie-Datastructure-Example */ = {
			isa = PBXGroup;
			children = (
				87FF17661F35AE8400EBBDE7 /* AppDelegate.swift */,
				87FF17681F35AE8400EBBDE7 /* ViewController.swift */,
				87FF17781F35B03100EBBDE7 /* Trie.swift */,
				87FF0C821F55A8310043CC4F /* Person.swift */,
				87FF176A1F35AE8400EBBDE7 /* Main.storyboard */,
				87FF176D1F35AE8400EBBDE7 /* Assets.xcassets */,
				87FF176F1F35AE8400EBBDE7 /* LaunchScreen.storyboard */,
				87FF17721F35AE8400EBBDE7 /* Info.plist */,
			);
			path = "Trie-Datastructure-Example";
			sourceTree = "<group>";
		};
/* End PBXGroup section */

/* Begin PBXNativeTarget section */
		87FF17621F35AE8400EBBDE7 /* Trie-Datastructure-Example */ = {
			isa = PBXNativeTarget;
			buildConfigurationList = 87FF17751F35AE8400EBBDE7 /* Build configuration list for PBXNativeTarget "Trie-Datastructure-Example" */;
			buildPhases = (
				87FF175F1F35AE8400EBBDE7 /* Sources */,
				87FF17601F35AE8400EBBDE7 /* Frameworks */,
				87FF17611F35AE8400EBBDE7 /* Resources */,
			);
			buildRules = (
			);
			dependencies = (
			);
			name = "Trie-Datastructure-Example";
			productName = "Trie-Datastructure-Example";
			productReference = 87FF17631F35AE8400EBBDE7 /* Trie-Datastructure-Example.app */;
			productType = "com.apple.product-type.application";
		};
/* End PBXNativeTarget section */

/* Begin PBXProject section */
		87FF175B1F35AE8400EBBDE7 /* Project object */ = {
			isa = PBXProject;
			attributes = {
				LastSwiftUpdateCheck = 0900;
				LastUpgradeCheck = 0900;
				ORGANIZATIONNAME = "Vinodh Swamy";
				TargetAttributes = {
					87FF17621F35AE8400EBBDE7 = {
						CreatedOnToolsVersion = 9.0;
					};
				};
			};
			buildConfigurationList = 87FF175E1F35AE8400EBBDE7 /* Build configuration list for PBXProject "Trie-Datastructure-Example" */;
			compatibilityVersion = "Xcode 8.0";
			developmentRegion = en;
			hasScannedForEncodings = 0;
			knownRegions = (
				en,
				Base,
			);
			mainGroup = 87FF175A1F35AE8400EBBDE7;
			productRefGroup = 87FF17641F35AE8400EBBDE7 /* Products */;
			projectDirPath = "";
			projectRoot = "";
			targets = (
				87FF17621F35AE8400EBBDE7 /* Trie-Datastructure-Example */,
			);
		};
/* End PBXProject section */

/* Begin PBXResourcesBuildPhase section */
		87FF17611F35AE8400EBBDE7 /* Resources */ = {
			isa = PBXResourcesBuildPhase;
			buildActionMask = 2147483647;
			files = (
				87FF17711F35AE8400EBBDE7 /* LaunchScreen.storyboard in Resources */,
				87FF176E1F35AE8400EBBDE7 /* Assets.xcassets in Resources */,
				87FF176C1F35AE8400EBBDE7 /* Main.storyboard in Resources */,
			);
			runOnlyForDeploymentPostprocessing = 0;
		};
/* End PBXResourcesBuildPhase section */

/* Begin PBXSourcesBuildPhase section */
		87FF175F1F35AE8400EBBDE7 /* Sources */ = {
			isa = PBXSourcesBuildPhase;
			buildActionMask = 2147483647;
			files = (
				87FF17791F35B03100EBBDE7 /* Trie.swift in Sources */,
				87FF17691F35AE8400EBBDE7 /* ViewController.swift in Sources */,
				87FF0C831F55A8310043CC4F /* Person.swift in Sources */,
				87FF17671F35AE8400EBBDE7 /* AppDelegate.swift in Sources */,
			);
			runOnlyForDeploymentPostprocessing = 0;
		};
/* End PBXSourcesBuildPhase section */

/* Begin PBXVariantGroup section */
		87FF176A1F35AE8400EBBDE7 /* Main.storyboard */ = {
			isa = PBXVariantGroup;
			children = (
				87FF176B1F35AE8400EBBDE7 /* Base */,
			);
			name = Main.storyboard;
			sourceTree = "<group>";
		};
		87FF176F1F35AE8400EBBDE7 /* LaunchScreen.storyboard */ = {
			isa = PBXVariantGroup;
			children = (
				87FF17701F35AE8400EBBDE7 /* Base */,
			);
			name = LaunchScreen.storyboard;
			sourceTree = "<group>";
		};
/* End PBXVariantGroup section */

/* Begin XCBuildConfiguration section */
		87FF17731F35AE8400EBBDE7 /* Debug */ = {
			isa = XCBuildConfiguration;
			buildSettings = {
				ALWAYS_SEARCH_USER_PATHS = NO;
				CLANG_ANALYZER_NONNULL = YES;
				CLANG_ANALYZER_NUMBER_OBJECT_CONVERSION = YES_AGGRESSIVE;
				CLANG_CXX_LANGUAGE_STANDARD = "gnu++14";
				CLANG_CXX_LIBRARY = "libc++";
				CLANG_ENABLE_MODULES = YES;
				CLANG_ENABLE_OBJC_ARC = YES;
				CLANG_WARN_BLOCK_CAPTURE_AUTORELEASING = YES;
				CLANG_WARN_BOOL_CONVERSION = YES;
				CLANG_WARN_COMMA = YES;
				CLANG_WARN_CONSTANT_CONVERSION = YES;
				CLANG_WARN_DIRECT_OBJC_ISA_USAGE = YES_ERROR;
				CLANG_WARN_DOCUMENTATION_COMMENTS = YES;
				CLANG_WARN_EMPTY_BODY = YES;
				CLANG_WARN_ENUM_CONVERSION = YES;
				CLANG_WARN_INFINITE_RECURSION = YES;
				CLANG_WARN_INT_CONVERSION = YES;
				CLANG_WARN_OBJC_ROOT_CLASS = YES_ERROR;
				CLANG_WARN_RANGE_LOOP_ANALYSIS = YES;
				CLANG_WARN_STRICT_PROTOTYPES = YES;
				CLANG_WARN_SUSPICIOUS_MOVE = YES;
				CLANG_WARN_UNGUARDED_AVAILABILITY = YES_AGGRESSIVE;
				CLANG_WARN_UNREACHABLE_CODE = YES;
				CLANG_WARN__DUPLICATE_METHOD_MATCH = YES;
				CODE_SIGN_IDENTITY = "iPhone Developer";
				COPY_PHASE_STRIP = NO;
				DEBUG_INFORMATION_FORMAT = dwarf;
				ENABLE_STRICT_OBJC_MSGSEND = YES;
				ENABLE_TESTABILITY = YES;
				GCC_C_LANGUAGE_STANDARD = gnu11;
				GCC_DYNAMIC_NO_PIC = NO;
				GCC_NO_COMMON_BLOCKS = YES;
				GCC_OPTIMIZATION_LEVEL = 0;
				GCC_PREPROCESSOR_DEFINITIONS = (
					"DEBUG=1",
					"$(inherited)",
				);
				GCC_WARN_64_TO_32_BIT_CONVERSION = YES;
				GCC_WARN_ABOUT_RETURN_TYPE = YES_ERROR;
				GCC_WARN_UNDECLARED_SELECTOR = YES;
				GCC_WARN_UNINITIALIZED_AUTOS = YES_AGGRESSIVE;
				GCC_WARN_UNUSED_FUNCTION = YES;
				GCC_WARN_UNUSED_VARIABLE = YES;
				IPHONEOS_DEPLOYMENT_TARGET = 11.0;
				MTL_ENABLE_DEBUG_INFO = YES;
				ONLY_ACTIVE_ARCH = YES;
				SDKROOT = iphoneos;
				SWIFT_ACTIVE_COMPILATION_CONDITIONS = DEBUG;
				SWIFT_OPTIMIZATION_LEVEL = "-Onone";
			};
			name = Debug;
		};
		87FF17741F35AE8400EBBDE7 /* Release */ = {
			isa = XCBuildConfiguration;
			buildSettings = {
				ALWAYS_SEARCH_USER_PATHS = NO;
				CLANG_ANALYZER_NONNULL = YES;
				CLANG_ANALYZER_NUMBER_OBJECT_CONVERSION = YES_AGGRESSIVE;
				CLANG_CXX_LANGUAGE_STANDARD = "gnu++14";
				CLANG_CXX_LIBRARY = "libc++";
				CLANG_ENABLE_MODULES = YES;
				CLANG_ENABLE_OBJC_ARC = YES;
				CLANG_WARN_BLOCK_CAPTURE_AUTORELEASING = YES;
				CLANG_WARN_BOOL_CONVERSION = YES;
				CLANG_WARN_COMMA = YES;
				CLANG_WARN_CONSTANT_CONVERSION = YES;
				CLANG_WARN_DIRECT_OBJC_ISA_USAGE = YES_ERROR;
				CLANG_WARN_DOCUMENTATION_COMMENTS = YES;
				CLANG_WARN_EMPTY_BODY = YES;
				CLANG_WARN_ENUM_CONVERSION = YES;
				CLANG_WARN_INFINITE_RECURSION = YES;
				CLANG_WARN_INT_CONVERSION = YES;
				CLANG_WARN_OBJC_ROOT_CLASS = YES_ERROR;
				CLANG_WARN_RANGE_LOOP_ANALYSIS = YES;
				CLANG_WARN_STRICT_PROTOTYPES = YES;
				CLANG_WARN_SUSPICIOUS_MOVE = YES;
				CLANG_WARN_UNGUARDED_AVAILABILITY = YES_AGGRESSIVE;
				CLANG_WARN_UNREACHABLE_CODE = YES;
				CLANG_WARN__DUPLICATE_METHOD_MATCH = YES;
				CODE_SIGN_IDENTITY = "iPhone Developer";
				COPY_PHASE_STRIP = NO;
				DEBUG_INFORMATION_FORMAT = "dwarf-with-dsym";
				ENABLE_NS_ASSERTIONS = NO;
				ENABLE_STRICT_OBJC_MSGSEND = YES;
				GCC_C_LANGUAGE_STANDARD = gnu11;
				GCC_NO_COMMON_BLOCKS = YES;
				GCC_WARN_64_TO_32_BIT_CONVERSION = YES;
				GCC_WARN_ABOUT_RETURN_TYPE = YES_ERROR;
				GCC_WARN_UNDECLARED_SELECTOR = YES;
				GCC_WARN_UNINITIALIZED_AUTOS = YES_AGGRESSIVE;
				GCC_WARN_UNUSED_FUNCTION = YES;
				GCC_WARN_UNUSED_VARIABLE = YES;
				IPHONEOS_DEPLOYMENT_TARGET = 11.0;
				MTL_ENABLE_DEBUG_INFO = NO;
				SDKROOT = iphoneos;
				SWIFT_OPTIMIZATION_LEVEL = "-Owholemodule";
				VALIDATE_PRODUCT = YES;
			};
			name = Release;
		};
		87FF17761F35AE8400EBBDE7 /* Debug */ = {
			isa = XCBuildConfiguration;
			buildSettings = {
				ASSETCATALOG_COMPILER_APPICON_NAME = AppIcon;
				DEVELOPMENT_TEAM = Q8K276U645;
				INFOPLIST_FILE = "Trie-Datastructure-Example/Info.plist";
				LD_RUNPATH_SEARCH_PATHS = "$(inherited) @executable_path/Frameworks";
				PRODUCT_BUNDLE_IDENTIFIER = "mycom.Trie-Datastructure-Example";
				PRODUCT_NAME = "$(TARGET_NAME)";
				SWIFT_VERSION = 4.0;
				TARGETED_DEVICE_FAMILY = "1,2";
			};
			name = Debug;
		};
		87FF17771F35AE8400EBBDE7 /* Release */ = {
			isa = XCBuildConfiguration;
			buildSettings = {
				ASSETCATALOG_COMPILER_APPICON_NAME = AppIcon;
				DEVELOPMENT_TEAM = Q8K276U645;
				INFOPLIST_FILE = "Trie-Datastructure-Example/Info.plist";
				LD_RUNPATH_SEARCH_PATHS = "$(inherited) @executable_path/Frameworks";
				PRODUCT_BUNDLE_IDENTIFIER = "mycom.Trie-Datastructure-Example";
				PRODUCT_NAME = "$(TARGET_NAME)";
				SWIFT_VERSION = 4.0;
				TARGETED_DEVICE_FAMILY = "1,2";
			};
			name = Release;
		};
/* End XCBuildConfiguration section */

/* Begin XCConfigurationList section */
		87FF175E1F35AE8400EBBDE7 /* Build configuration list for PBXProject "Trie-Datastructure-Example" */ = {
			isa = XCConfigurationList;
			buildConfigurations = (
				87FF17731F35AE8400EBBDE7 /* Debug */,
				87FF17741F35AE8400EBBDE7 /* Release */,
			);
			defaultConfigurationIsVisible = 0;
			defaultConfigurationName = Release;
		};
		87FF17751F35AE8400EBBDE7 /* Build configuration list for PBXNativeTarget "Trie-Datastructure-Example" */ = {
			isa = XCConfigurationList;
			buildConfigurations = (
				87FF17761F35AE8400EBBDE7 /* Debug */,
				87FF17771F35AE8400EBBDE7 /* Release */,
			);
			defaultConfigurationIsVisible = 0;
			defaultConfigurationName = Release;
		};
/* End XCConfigurationList section */
	};
	rootObject = 87FF175B1F35AE8400EBBDE7 /* Project object */;
}
